
Microsoft Visual Studio Solution File, Format Version 12.00
# Visual Studio Version 16
VisualStudioVersion = 16.0.31205.134
MinimumVisualStudioVersion = 10.0.40219.1
Project("{FAE04EC0-301F-11D3-BF4B-00C04F79EFBC}") = "TemperatureFinder", "TemperatureFinder\TemperatureFinder.csproj", "{DD37AC66-D63C-42D0-B26F-DD180CA14A5F}"
EndProject
Global
	GlobalSection(SolutionConfigurationPlatforms) = preSolution
		Debug|Any CPU = Debug|Any CPU
		Release|Any CPU = Release|Any CPU
	EndGlobalSection
	GlobalSection(ProjectConfigurationPlatforms) = postSolution
		{DD37AC66-D63C-42D0-B26F-DD180CA14A5F}.Debug|Any CPU.ActiveCfg = Debug|Any CPU
		{DD37AC66-D63C-42D0-B26F-DD180CA14A5F}.Debug|Any CPU.Build.0 = Debug|Any CPU
		{DD37AC66-D63C-42D0-B26F-DD180CA14A5F}.Release|Any CPU.ActiveCfg = Release|Any CPU
		{DD37AC66-D63C-42D0-B26F-DD180CA14A5F}.Release|Any CPU.Build.0 = Release|Any CPU
	EndGlobalSection
	GlobalSection(SolutionProperties) = preSolution
		HideSolutionNode = FALSE
	EndGlobalSection
	GlobalSection(ExtensibilityGlobals) = postSolution
		SolutionGuid = {5B4942BC-9F28-4C68-97EB-CBCD9E0D1B05}
	EndGlobalSection
EndGlobal
